// !$*UTF8*$!
{
	archiveVersion = 1;
	classes = {
	};
	objectVersion = 50;
	objects = {

/* Begin PBXBuildFile section */
		D534E89B234F361400BACEDC /* FloatingActionButtonWidget.swift in Sources */ = {isa = PBXBuildFile; fileRef = D534E89A234F361400BACEDC /* FloatingActionButtonWidget.swift */; };
		D534E8A0235066D500BACEDC /* StockAPIModel.swift in Sources */ = {isa = PBXBuildFile; fileRef = D534E89F235066D500BACEDC /* StockAPIModel.swift */; };
		D534E8AD2351FA0F00BACEDC /* SearchResultCell.swift in Sources */ = {isa = PBXBuildFile; fileRef = D534E8AB2351FA0F00BACEDC /* SearchResultCell.swift */; };
		D534E8AF2351FB5B00BACEDC /* SearchResultTableView.swift in Sources */ = {isa = PBXBuildFile; fileRef = D534E8AE2351FB5B00BACEDC /* SearchResultTableView.swift */; };
		D534E8B1235423C600BACEDC /* StockViewModel.swift in Sources */ = {isa = PBXBuildFile; fileRef = D534E8B0235423C600BACEDC /* StockViewModel.swift */; };
		D534E8B3235428C900BACEDC /* StockOfflineData.swift in Sources */ = {isa = PBXBuildFile; fileRef = D534E8B2235428C900BACEDC /* StockOfflineData.swift */; };
		D534E8B72354345E00BACEDC /* NetworkManager.swift in Sources */ = {isa = PBXBuildFile; fileRef = D534E8B62354345E00BACEDC /* NetworkManager.swift */; };
		D5CA28DB234C2AD700596188 /* AppDelegate.swift in Sources */ = {isa = PBXBuildFile; fileRef = D5CA28DA234C2AD700596188 /* AppDelegate.swift */; };
		D5CA28DD234C2AD700596188 /* SceneDelegate.swift in Sources */ = {isa = PBXBuildFile; fileRef = D5CA28DC234C2AD700596188 /* SceneDelegate.swift */; };
		D5CA28E4234C2ADE00596188 /* Assets.xcassets in Resources */ = {isa = PBXBuildFile; fileRef = D5CA28E3234C2ADE00596188 /* Assets.xcassets */; };
		D5CA28E7234C2ADE00596188 /* LaunchScreen.storyboard in Resources */ = {isa = PBXBuildFile; fileRef = D5CA28E5234C2ADE00596188 /* LaunchScreen.storyboard */; };
		D5CA28F1234C2C6A00596188 /* StocksController.swift in Sources */ = {isa = PBXBuildFile; fileRef = D5CA28F0234C2C6A00596188 /* StocksController.swift */; };
		D5CA2902234C496200596188 /* UIColorExtension.swift in Sources */ = {isa = PBXBuildFile; fileRef = D5CA2900234C496100596188 /* UIColorExtension.swift */; };
		D5CA2903234C496200596188 /* UIViewExtension.swift in Sources */ = {isa = PBXBuildFile; fileRef = D5CA2901234C496200596188 /* UIViewExtension.swift */; };
		D5CA2905234C6B2400596188 /* SearchWidget.swift in Sources */ = {isa = PBXBuildFile; fileRef = D5CA2904234C6B2400596188 /* SearchWidget.swift */; };
		D5EC453B234DCD9800485D51 /* StocksHeaderView.swift in Sources */ = {isa = PBXBuildFile; fileRef = D5EC453A234DCD9800485D51 /* StocksHeaderView.swift */; };
		D5EC453E234DDDE100485D51 /* StocksCellView.swift in Sources */ = {isa = PBXBuildFile; fileRef = D5EC453D234DDDE100485D51 /* StocksCellView.swift */; };
/* End PBXBuildFile section */

/* Begin PBXFileReference section */
		D534E89A234F361400BACEDC /* FloatingActionButtonWidget.swift */ = {isa = PBXFileReference; lastKnownFileType = sourcecode.swift; path = FloatingActionButtonWidget.swift; sourceTree = "<group>"; };
		D534E89F235066D500BACEDC /* StockAPIModel.swift */ = {isa = PBXFileReference; lastKnownFileType = sourcecode.swift; path = StockAPIModel.swift; sourceTree = "<group>"; };
		D534E8AB2351FA0F00BACEDC /* SearchResultCell.swift */ = {isa = PBXFileReference; fileEncoding = 4; lastKnownFileType = sourcecode.swift; path = SearchResultCell.swift; sourceTree = "<group>"; };
		D534E8AE2351FB5B00BACEDC /* SearchResultTableView.swift */ = {isa = PBXFileReference; fileEncoding = 4; lastKnownFileType = sourcecode.swift; path = SearchResultTableView.swift; sourceTree = "<group>"; };
		D534E8B0235423C600BACEDC /* StockViewModel.swift */ = {isa = PBXFileReference; lastKnownFileType = sourcecode.swift; path = StockViewModel.swift; sourceTree = "<group>"; };
		D534E8B2235428C900BACEDC /* StockOfflineData.swift */ = {isa = PBXFileReference; lastKnownFileType = sourcecode.swift; path = StockOfflineData.swift; sourceTree = "<group>"; };
		D534E8B62354345E00BACEDC /* NetworkManager.swift */ = {isa = PBXFileReference; lastKnownFileType = sourcecode.swift; path = NetworkManager.swift; sourceTree = "<group>"; };
		D5CA28D7234C2AD700596188 /* JaiPSE.app */ = {isa = PBXFileReference; explicitFileType = wrapper.application; includeInIndex = 0; path = JaiPSE.app; sourceTree = BUILT_PRODUCTS_DIR; };
		D5CA28DA234C2AD700596188 /* AppDelegate.swift */ = {isa = PBXFileReference; lastKnownFileType = sourcecode.swift; path = AppDelegate.swift; sourceTree = "<group>"; };
		D5CA28DC234C2AD700596188 /* SceneDelegate.swift */ = {isa = PBXFileReference; lastKnownFileType = sourcecode.swift; path = SceneDelegate.swift; sourceTree = "<group>"; };
		D5CA28E3234C2ADE00596188 /* Assets.xcassets */ = {isa = PBXFileReference; lastKnownFileType = folder.assetcatalog; path = Assets.xcassets; sourceTree = "<group>"; };
		D5CA28E6234C2ADE00596188 /* Base */ = {isa = PBXFileReference; lastKnownFileType = file.storyboard; name = Base; path = Base.lproj/LaunchScreen.storyboard; sourceTree = "<group>"; };
		D5CA28E8234C2ADE00596188 /* Info.plist */ = {isa = PBXFileReference; lastKnownFileType = text.plist.xml; path = Info.plist; sourceTree = "<group>"; };
		D5CA28F0234C2C6A00596188 /* StocksController.swift */ = {isa = PBXFileReference; lastKnownFileType = sourcecode.swift; path = StocksController.swift; sourceTree = "<group>"; };
		D5CA2900234C496100596188 /* UIColorExtension.swift */ = {isa = PBXFileReference; fileEncoding = 4; lastKnownFileType = sourcecode.swift; path = UIColorExtension.swift; sourceTree = "<group>"; };
		D5CA2901234C496200596188 /* UIViewExtension.swift */ = {isa = PBXFileReference; fileEncoding = 4; lastKnownFileType = sourcecode.swift; path = UIViewExtension.swift; sourceTree = "<group>"; };
		D5CA2904234C6B2400596188 /* SearchWidget.swift */ = {isa = PBXFileReference; lastKnownFileType = sourcecode.swift; path = SearchWidget.swift; sourceTree = "<group>"; };
		D5EC453A234DCD9800485D51 /* StocksHeaderView.swift */ = {isa = PBXFileReference; lastKnownFileType = sourcecode.swift; path = StocksHeaderView.swift; sourceTree = "<group>"; };
		D5EC453D234DDDE100485D51 /* StocksCellView.swift */ = {isa = PBXFileReference; lastKnownFileType = sourcecode.swift; path = StocksCellView.swift; sourceTree = "<group>"; };
/* End PBXFileReference section */

/* Begin PBXFrameworksBuildPhase section */
		D5CA28D4234C2AD700596188 /* Frameworks */ = {
			isa = PBXFrameworksBuildPhase;
			buildActionMask = 2147483647;
			files = (
			);
			runOnlyForDeploymentPostprocessing = 0;
		};
/* End PBXFrameworksBuildPhase section */

/* Begin PBXGroup section */
		D534E89E2350669D00BACEDC /* Model */ = {
			isa = PBXGroup;
			children = (
				D534E8B42354341F00BACEDC /* Data */,
				D534E89F235066D500BACEDC /* StockAPIModel.swift */,
				D534E8B0235423C600BACEDC /* StockViewModel.swift */,
			);
			path = Model;
			sourceTree = "<group>";
		};
		D534E8A5235099F700BACEDC /* SearchResult */ = {
			isa = PBXGroup;
			children = (
				D534E8AE2351FB5B00BACEDC /* SearchResultTableView.swift */,
				D534E8AB2351FA0F00BACEDC /* SearchResultCell.swift */,
			);
			path = SearchResult;
			sourceTree = "<group>";
		};
		D534E8B42354341F00BACEDC /* Data */ = {
			isa = PBXGroup;
			children = (
				D534E8B2235428C900BACEDC /* StockOfflineData.swift */,
			);
			path = Data;
			sourceTree = "<group>";
		};
		D534E8B52354344300BACEDC /* Service */ = {
			isa = PBXGroup;
			children = (
				D534E8B62354345E00BACEDC /* NetworkManager.swift */,
			);
			path = Service;
			sourceTree = "<group>";
		};
		D5CA28CE234C2AD700596188 = {
			isa = PBXGroup;
			children = (
				D5CA28D9234C2AD700596188 /* JaiPSE */,
				D5CA28D8234C2AD700596188 /* Products */,
			);
			sourceTree = "<group>";
		};
		D5CA28D8234C2AD700596188 /* Products */ = {
			isa = PBXGroup;
			children = (
				D5CA28D7234C2AD700596188 /* JaiPSE.app */,
			);
			name = Products;
			sourceTree = "<group>";
		};
		D5CA28D9234C2AD700596188 /* JaiPSE */ = {
			isa = PBXGroup;
			children = (
				D534E8B52354344300BACEDC /* Service */,
				D534E89E2350669D00BACEDC /* Model */,
				D5CA28F2234C2D9100596188 /* View */,
				D5CA28EF234C2BCE00596188 /* Controller */,
				D5CA28DA234C2AD700596188 /* AppDelegate.swift */,
				D5CA28DC234C2AD700596188 /* SceneDelegate.swift */,
				D5CA28E3234C2ADE00596188 /* Assets.xcassets */,
				D5CA28E5234C2ADE00596188 /* LaunchScreen.storyboard */,
				D5CA28E8234C2ADE00596188 /* Info.plist */,
			);
			path = JaiPSE;
			sourceTree = "<group>";
		};
		D5CA28EF234C2BCE00596188 /* Controller */ = {
			isa = PBXGroup;
			children = (
				D5CA28F0234C2C6A00596188 /* StocksController.swift */,
			);
			path = Controller;
			sourceTree = "<group>";
		};
		D5CA28F2234C2D9100596188 /* View */ = {
			isa = PBXGroup;
			children = (
				D5EC453D234DDDE100485D51 /* StocksCellView.swift */,
				D5EC453A234DCD9800485D51 /* StocksHeaderView.swift */,
				D534E8A5235099F700BACEDC /* SearchResult */,
				D5CA28FB234C48CA00596188 /* Extension */,
				D5EC453C234DDC0A00485D51 /* Widget */,
			);
			path = View;
			sourceTree = "<group>";
		};
		D5CA28FB234C48CA00596188 /* Extension */ = {
			isa = PBXGroup;
			children = (
				D5CA2900234C496100596188 /* UIColorExtension.swift */,
				D5CA2901234C496200596188 /* UIViewExtension.swift */,
			);
			path = Extension;
			sourceTree = "<group>";
		};
		D5EC453C234DDC0A00485D51 /* Widget */ = {
			isa = PBXGroup;
			children = (
				D5CA2904234C6B2400596188 /* SearchWidget.swift */,
				D534E89A234F361400BACEDC /* FloatingActionButtonWidget.swift */,
			);
			path = Widget;
			sourceTree = "<group>";
		};
/* End PBXGroup section */

/* Begin PBXNativeTarget section */
		D5CA28D6234C2AD700596188 /* JaiPSE */ = {
			isa = PBXNativeTarget;
			buildConfigurationList = D5CA28EB234C2ADE00596188 /* Build configuration list for PBXNativeTarget "JaiPSE" */;
			buildPhases = (
				D5CA28D3234C2AD700596188 /* Sources */,
				D5CA28D4234C2AD700596188 /* Frameworks */,
				D5CA28D5234C2AD700596188 /* Resources */,
			);
			buildRules = (
			);
			dependencies = (
			);
			name = JaiPSE;
			productName = JaiPSE;
			productReference = D5CA28D7234C2AD700596188 /* JaiPSE.app */;
			productType = "com.apple.product-type.application";
		};
/* End PBXNativeTarget section */

/* Begin PBXProject section */
		D5CA28CF234C2AD700596188 /* Project object */ = {
			isa = PBXProject;
			attributes = {
				LastSwiftUpdateCheck = 1110;
				LastUpgradeCheck = 1110;
				ORGANIZATIONNAME = ako2cjairo;
				TargetAttributes = {
					D5CA28D6234C2AD700596188 = {
						CreatedOnToolsVersion = 11.1;
					};
				};
			};
			buildConfigurationList = D5CA28D2234C2AD700596188 /* Build configuration list for PBXProject "JaiPSE" */;
			compatibilityVersion = "Xcode 9.3";
			developmentRegion = en;
			hasScannedForEncodings = 0;
			knownRegions = (
				en,
				Base,
			);
			mainGroup = D5CA28CE234C2AD700596188;
			productRefGroup = D5CA28D8234C2AD700596188 /* Products */;
			projectDirPath = "";
			projectRoot = "";
			targets = (
				D5CA28D6234C2AD700596188 /* JaiPSE */,
			);
		};
/* End PBXProject section */

/* Begin PBXResourcesBuildPhase section */
		D5CA28D5234C2AD700596188 /* Resources */ = {
			isa = PBXResourcesBuildPhase;
			buildActionMask = 2147483647;
			files = (
				D5CA28E7234C2ADE00596188 /* LaunchScreen.storyboard in Resources */,
				D5CA28E4234C2ADE00596188 /* Assets.xcassets in Resources */,
			);
			runOnlyForDeploymentPostprocessing = 0;
		};
/* End PBXResourcesBuildPhase section */

/* Begin PBXSourcesBuildPhase section */
		D5CA28D3234C2AD700596188 /* Sources */ = {
			isa = PBXSourcesBuildPhase;
			buildActionMask = 2147483647;
			files = (
				D534E8B3235428C900BACEDC /* StockOfflineData.swift in Sources */,
				D534E8B72354345E00BACEDC /* NetworkManager.swift in Sources */,
				D5CA2903234C496200596188 /* UIViewExtension.swift in Sources */,
				D534E8A0235066D500BACEDC /* StockAPIModel.swift in Sources */,
				D534E8B1235423C600BACEDC /* StockViewModel.swift in Sources */,
				D5EC453E234DDDE100485D51 /* StocksCellView.swift in Sources */,
				D5CA28DB234C2AD700596188 /* AppDelegate.swift in Sources */,
				D534E89B234F361400BACEDC /* FloatingActionButtonWidget.swift in Sources */,
				D5CA2902234C496200596188 /* UIColorExtension.swift in Sources */,
				D534E8AF2351FB5B00BACEDC /* SearchResultTableView.swift in Sources */,
				D5CA28F1234C2C6A00596188 /* StocksController.swift in Sources */,
				D5CA28DD234C2AD700596188 /* SceneDelegate.swift in Sources */,
				D5CA2905234C6B2400596188 /* SearchWidget.swift in Sources */,
				D534E8AD2351FA0F00BACEDC /* SearchResultCell.swift in Sources */,
				D5EC453B234DCD9800485D51 /* StocksHeaderView.swift in Sources */,
			);
			runOnlyForDeploymentPostprocessing = 0;
		};
/* End PBXSourcesBuildPhase section */

/* Begin PBXVariantGroup section */
		D5CA28E5234C2ADE00596188 /* LaunchScreen.storyboard */ = {
			isa = PBXVariantGroup;
			children = (
				D5CA28E6234C2ADE00596188 /* Base */,
			);
			name = LaunchScreen.storyboard;
			sourceTree = "<group>";
		};
/* End PBXVariantGroup section */

/* Begin XCBuildConfiguration section */
		D5CA28E9234C2ADE00596188 /* Debug */ = {
			isa = XCBuildConfiguration;
			buildSettings = {
				ALWAYS_SEARCH_USER_PATHS = NO;
				CLANG_ANALYZER_NONNULL = YES;
				CLANG_ANALYZER_NUMBER_OBJECT_CONVERSION = YES_AGGRESSIVE;
				CLANG_CXX_LANGUAGE_STANDARD = "gnu++14";
				CLANG_CXX_LIBRARY = "libc++";
				CLANG_ENABLE_MODULES = YES;
				CLANG_ENABLE_OBJC_ARC = YES;
				CLANG_ENABLE_OBJC_WEAK = YES;
				CLANG_WARN_BLOCK_CAPTURE_AUTORELEASING = YES;
				CLANG_WARN_BOOL_CONVERSION = YES;
				CLANG_WARN_COMMA = YES;
				CLANG_WARN_CONSTANT_CONVERSION = YES;
				CLANG_WARN_DEPRECATED_OBJC_IMPLEMENTATIONS = YES;
				CLANG_WARN_DIRECT_OBJC_ISA_USAGE = YES_ERROR;
				CLANG_WARN_DOCUMENTATION_COMMENTS = YES;
				CLANG_WARN_EMPTY_BODY = YES;
				CLANG_WARN_ENUM_CONVERSION = YES;
				CLANG_WARN_INFINITE_RECURSION = YES;
				CLANG_WARN_INT_CONVERSION = YES;
				CLANG_WARN_NON_LITERAL_NULL_CONVERSION = YES;
				CLANG_WARN_OBJC_IMPLICIT_RETAIN_SELF = YES;
				CLANG_WARN_OBJC_LITERAL_CONVERSION = YES;
				CLANG_WARN_OBJC_ROOT_CLASS = YES_ERROR;
				CLANG_WARN_RANGE_LOOP_ANALYSIS = YES;
				CLANG_WARN_STRICT_PROTOTYPES = YES;
				CLANG_WARN_SUSPICIOUS_MOVE = YES;
				CLANG_WARN_UNGUARDED_AVAILABILITY = YES_AGGRESSIVE;
				CLANG_WARN_UNREACHABLE_CODE = YES;
				CLANG_WARN__DUPLICATE_METHOD_MATCH = YES;
				COPY_PHASE_STRIP = NO;
				DEBUG_INFORMATION_FORMAT = dwarf;
				ENABLE_STRICT_OBJC_MSGSEND = YES;
				ENABLE_TESTABILITY = YES;
				GCC_C_LANGUAGE_STANDARD = gnu11;
				GCC_DYNAMIC_NO_PIC = NO;
				GCC_NO_COMMON_BLOCKS = YES;
				GCC_OPTIMIZATION_LEVEL = 0;
				GCC_PREPROCESSOR_DEFINITIONS = (
					"DEBUG=1",
					"$(inherited)",
				);
				GCC_WARN_64_TO_32_BIT_CONVERSION = YES;
				GCC_WARN_ABOUT_RETURN_TYPE = YES_ERROR;
				GCC_WARN_UNDECLARED_SELECTOR = YES;
				GCC_WARN_UNINITIALIZED_AUTOS = YES_AGGRESSIVE;
				GCC_WARN_UNUSED_FUNCTION = YES;
				GCC_WARN_UNUSED_VARIABLE = YES;
				IPHONEOS_DEPLOYMENT_TARGET = 13.1;
				MTL_ENABLE_DEBUG_INFO = INCLUDE_SOURCE;
				MTL_FAST_MATH = YES;
				ONLY_ACTIVE_ARCH = YES;
				SDKROOT = iphoneos;
				SWIFT_ACTIVE_COMPILATION_CONDITIONS = DEBUG;
				SWIFT_OPTIMIZATION_LEVEL = "-Onone";
			};
			name = Debug;
		};
		D5CA28EA234C2ADE00596188 /* Release */ = {
			isa = XCBuildConfiguration;
			buildSettings = {
				ALWAYS_SEARCH_USER_PATHS = NO;
				CLANG_ANALYZER_NONNULL = YES;
				CLANG_ANALYZER_NUMBER_OBJECT_CONVERSION = YES_AGGRESSIVE;
				CLANG_CXX_LANGUAGE_STANDARD = "gnu++14";
				CLANG_CXX_LIBRARY = "libc++";
				CLANG_ENABLE_MODULES = YES;
				CLANG_ENABLE_OBJC_ARC = YES;
				CLANG_ENABLE_OBJC_WEAK = YES;
				CLANG_WARN_BLOCK_CAPTURE_AUTORELEASING = YES;
				CLANG_WARN_BOOL_CONVERSION = YES;
				CLANG_WARN_COMMA = YES;
				CLANG_WARN_CONSTANT_CONVERSION = YES;
				CLANG_WARN_DEPRECATED_OBJC_IMPLEMENTATIONS = YES;
				CLANG_WARN_DIRECT_OBJC_ISA_USAGE = YES_ERROR;
				CLANG_WARN_DOCUMENTATION_COMMENTS = YES;
				CLANG_WARN_EMPTY_BODY = YES;
				CLANG_WARN_ENUM_CONVERSION = YES;
				CLANG_WARN_INFINITE_RECURSION = YES;
				CLANG_WARN_INT_CONVERSION = YES;
				CLANG_WARN_NON_LITERAL_NULL_CONVERSION = YES;
				CLANG_WARN_OBJC_IMPLICIT_RETAIN_SELF = YES;
				CLANG_WARN_OBJC_LITERAL_CONVERSION = YES;
				CLANG_WARN_OBJC_ROOT_CLASS = YES_ERROR;
				CLANG_WARN_RANGE_LOOP_ANALYSIS = YES;
				CLANG_WARN_STRICT_PROTOTYPES = YES;
				CLANG_WARN_SUSPICIOUS_MOVE = YES;
				CLANG_WARN_UNGUARDED_AVAILABILITY = YES_AGGRESSIVE;
				CLANG_WARN_UNREACHABLE_CODE = YES;
				CLANG_WARN__DUPLICATE_METHOD_MATCH = YES;
				COPY_PHASE_STRIP = NO;
				DEBUG_INFORMATION_FORMAT = "dwarf-with-dsym";
				ENABLE_NS_ASSERTIONS = NO;
				ENABLE_STRICT_OBJC_MSGSEND = YES;
				GCC_C_LANGUAGE_STANDARD = gnu11;
				GCC_NO_COMMON_BLOCKS = YES;
				GCC_WARN_64_TO_32_BIT_CONVERSION = YES;
				GCC_WARN_ABOUT_RETURN_TYPE = YES_ERROR;
				GCC_WARN_UNDECLARED_SELECTOR = YES;
				GCC_WARN_UNINITIALIZED_AUTOS = YES_AGGRESSIVE;
				GCC_WARN_UNUSED_FUNCTION = YES;
				GCC_WARN_UNUSED_VARIABLE = YES;
				IPHONEOS_DEPLOYMENT_TARGET = 13.1;
				MTL_ENABLE_DEBUG_INFO = NO;
				MTL_FAST_MATH = YES;
				SDKROOT = iphoneos;
				SWIFT_COMPILATION_MODE = wholemodule;
				SWIFT_OPTIMIZATION_LEVEL = "-O";
				VALIDATE_PRODUCT = YES;
			};
			name = Release;
		};
		D5CA28EC234C2ADE00596188 /* Debug */ = {
			isa = XCBuildConfiguration;
			buildSettings = {
				ASSETCATALOG_COMPILER_APPICON_NAME = AppIcon;
				CODE_SIGN_STYLE = Automatic;
				DEVELOPMENT_TEAM = UHZBCXGRX7;
				INFOPLIST_FILE = JaiPSE/Info.plist;
				LD_RUNPATH_SEARCH_PATHS = (
					"$(inherited)",
					"@executable_path/Frameworks",
				);
				PRODUCT_BUNDLE_IDENTIFIER = com.ako2cjairo.JaiPSE;
				PRODUCT_NAME = "$(TARGET_NAME)";
				SWIFT_VERSION = 5.0;
				TARGETED_DEVICE_FAMILY = 1;
			};
			name = Debug;
		};
		D5CA28ED234C2ADE00596188 /* Release */ = {
			isa = XCBuildConfiguration;
			buildSettings = {
				ASSETCATALOG_COMPILER_APPICON_NAME = AppIcon;
				CODE_SIGN_STYLE = Automatic;
				DEVELOPMENT_TEAM = UHZBCXGRX7;
				INFOPLIST_FILE = JaiPSE/Info.plist;
				LD_RUNPATH_SEARCH_PATHS = (
					"$(inherited)",
					"@executable_path/Frameworks",
				);
				PRODUCT_BUNDLE_IDENTIFIER = com.ako2cjairo.JaiPSE;
				PRODUCT_NAME = "$(TARGET_NAME)";
				SWIFT_VERSION = 5.0;
				TARGETED_DEVICE_FAMILY = 1;
			};
			name = Release;
		};
/* End XCBuildConfiguration section */

/* Begin XCConfigurationList section */
		D5CA28D2234C2AD700596188 /* Build configuration list for PBXProject "JaiPSE" */ = {
			isa = XCConfigurationList;
			buildConfigurations = (
				D5CA28E9234C2ADE00596188 /* Debug */,
				D5CA28EA234C2ADE00596188 /* Release */,
			);
			defaultConfigurationIsVisible = 0;
			defaultConfigurationName = Release;
		};
		D5CA28EB234C2ADE00596188 /* Build configuration list for PBXNativeTarget "JaiPSE" */ = {
			isa = XCConfigurationList;
			buildConfigurations = (
				D5CA28EC234C2ADE00596188 /* Debug */,
				D5CA28ED234C2ADE00596188 /* Release */,
			);
			defaultConfigurationIsVisible = 0;
			defaultConfigurationName = Release;
		};
/* End XCConfigurationList section */
	};
	rootObject = D5CA28CF234C2AD700596188 /* Project object */;
}
